
Microsoft Visual Studio Solution File, Format Version 12.00
# Visual Studio Version 16
VisualStudioVersion = 16.0.30204.135
MinimumVisualStudioVersion = 10.0.40219.1
Project("{FAE04EC0-301F-11D3-BF4B-00C04F79EFBC}") = "Angular2MVC.Model", "Angular2MVC.Model\Angular2MVC.Model.csproj", "{EB6F3120-881F-4A41-A497-82F395F2F0A0}"
EndProject
Project("{FAE04EC0-301F-11D3-BF4B-00C04F79EFBC}") = "Angular7MVCGabe", "Angular7MVCGabe\Angular7MVCGabe.csproj", "{D1E9A24E-B47E-4B58-ACCD-79F3A9A9E877}"
EndProject
Global
	GlobalSection(SolutionConfigurationPlatforms) = preSolution
		Debug|Any CPU = Debug|Any CPU
		Release|Any CPU = Release|Any CPU
	EndGlobalSection
	GlobalSection(ProjectConfigurationPlatforms) = postSolution
		{EB6F3120-881F-4A41-A497-82F395F2F0A0}.Debug|Any CPU.ActiveCfg = Debug|Any CPU
		{EB6F3120-881F-4A41-A497-82F395F2F0A0}.Debug|Any CPU.Build.0 = Debug|Any CPU
		{EB6F3120-881F-4A41-A497-82F395F2F0A0}.Release|Any CPU.ActiveCfg = Release|Any CPU
		{EB6F3120-881F-4A41-A497-82F395F2F0A0}.Release|Any CPU.Build.0 = Release|Any CPU
		{D1E9A24E-B47E-4B58-ACCD-79F3A9A9E877}.Debug|Any CPU.ActiveCfg = Debug|Any CPU
		{D1E9A24E-B47E-4B58-ACCD-79F3A9A9E877}.Debug|Any CPU.Build.0 = Debug|Any CPU
		{D1E9A24E-B47E-4B58-ACCD-79F3A9A9E877}.Release|Any CPU.ActiveCfg = Release|Any CPU
		{D1E9A24E-B47E-4B58-ACCD-79F3A9A9E877}.Release|Any CPU.Build.0 = Release|Any CPU
	EndGlobalSection
	GlobalSection(SolutionProperties) = preSolution
		HideSolutionNode = FALSE
	EndGlobalSection
	GlobalSection(ExtensibilityGlobals) = postSolution
		SolutionGuid = {E5AB5229-B43F-43E2-93AE-B06DE7ECCB37}
	EndGlobalSection
EndGlobal
